Microsoft Visual Studio Solution File, Format Version 11.00
# Visual Studio 2008

Project("{773A6811-D7CA-EAE2-971C-2BD9DF5FC5F4}") = "ProbabilityGame", "Assembly-CSharp-firstpass-vs.csproj", "{26870190-5F20-52E0-3691-531C7A045AC5}"
EndProject
Project("{773A6811-D7CA-EAE2-971C-2BD9DF5FC5F4}") = "ProbabilityGame", "Assembly-CSharp-vs.csproj", "{02F574C8-0DD3-3834-9ACE-5A685B133193}"
EndProject
Project("{773A6811-D7CA-EAE2-971C-2BD9DF5FC5F4}") = "ProbabilityGame", "Assembly-CSharp-Editor-vs.csproj", "{5A96F06C-4D16-36DE-E435-9C3C587037D1}"
EndProject
Global
	GlobalSection(SolutionConfigurationPlatforms) = preSolution
		Debug|Any CPU = Debug|Any CPU
		Release|Any CPU = Release|Any CPU
	EndGlobalSection
	GlobalSection(ProjectConfigurationPlatforms) = postSolution
		{26870190-5F20-52E0-3691-531C7A045AC5}.Debug|Any CPU.ActiveCfg = Debug|Any CPU
		{26870190-5F20-52E0-3691-531C7A045AC5}.Debug|Any CPU.Build.0 = Debug|Any CPU
		{26870190-5F20-52E0-3691-531C7A045AC5}.Release|Any CPU.ActiveCfg = Release|Any CPU
		{26870190-5F20-52E0-3691-531C7A045AC5}.Release|Any CPU.Build.0 = Release|Any CPU
		{02F574C8-0DD3-3834-9ACE-5A685B133193}.Debug|Any CPU.ActiveCfg = Debug|Any CPU
		{02F574C8-0DD3-3834-9ACE-5A685B133193}.Debug|Any CPU.Build.0 = Debug|Any CPU
		{02F574C8-0DD3-3834-9ACE-5A685B133193}.Release|Any CPU.ActiveCfg = Release|Any CPU
		{02F574C8-0DD3-3834-9ACE-5A685B133193}.Release|Any CPU.Build.0 = Release|Any CPU
		{5A96F06C-4D16-36DE-E435-9C3C587037D1}.Debug|Any CPU.ActiveCfg = Debug|Any CPU
		{5A96F06C-4D16-36DE-E435-9C3C587037D1}.Debug|Any CPU.Build.0 = Debug|Any CPU
		{5A96F06C-4D16-36DE-E435-9C3C587037D1}.Release|Any CPU.ActiveCfg = Release|Any CPU
		{5A96F06C-4D16-36DE-E435-9C3C587037D1}.Release|Any CPU.Build.0 = Release|Any CPU
	EndGlobalSection
	GlobalSection(SolutionProperties) = preSolution
		HideSolutionNode = FALSE
	EndGlobalSection
																							GlobalSection(MonoDevelopProperties) = preSolution
		StartupItem = Assembly-CSharp.csproj
		Policies = $0
		$0.TextStylePolicy = $1
		$1.inheritsSet = null
		$1.scope = text/x-csharp
		$0.CSharpFormattingPolicy = $2
		$2.inheritsSet = Mono
		$2.inheritsScope = text/x-csharp
		$2.scope = text/x-csharp
		$0.TextStylePolicy = $3
		$3.FileWidth = 120
		$3.TabWidth = 4
		$3.IndentWidth = 4
		$3.EolMarker = Unix
		$3.inheritsSet = Mono
		$3.inheritsScope = text/plain
		$3.scope = text/plain
	EndGlobalSection

EndGlobal
